// !$*UTF8*$!
{
	archiveVersion = 1;
	classes = {
	};
	objectVersion = 55;
	objects = {

/* Begin PBXBuildFile section */
		6C37521027FB183F00429241 /* WeatherDetailCell.swift in Sources */ = {isa = PBXBuildFile; fileRef = 6C37520E27FB183F00429241 /* WeatherDetailCell.swift */; };
		6C37521127FB183F00429241 /* WeatherDetailCell.xib in Resources */ = {isa = PBXBuildFile; fileRef = 6C37520F27FB183F00429241 /* WeatherDetailCell.xib */; };
		93037B142819326400A7E2EB /* AirPolutionModel.swift in Sources */ = {isa = PBXBuildFile; fileRef = 93037B132819326400A7E2EB /* AirPolutionModel.swift */; };
		93100A4E28031AE400435534 /* EditAlarmVC.swift in Sources */ = {isa = PBXBuildFile; fileRef = 93100A4D28031AE400435534 /* EditAlarmVC.swift */; };
		931443EA27FEB14F00E33442 /* korea.csv in Resources */ = {isa = PBXBuildFile; fileRef = 931443E927FEB14F00E33442 /* korea.csv */; };
		931443EC27FEB23F00E33442 /* korea_local_goverment.csv in Resources */ = {isa = PBXBuildFile; fileRef = 931443EB27FEB23F00E33442 /* korea_local_goverment.csv */; };
		931443EE27FEB32100E33442 /* ParsingCSV.swift in Sources */ = {isa = PBXBuildFile; fileRef = 931443ED27FEB32100E33442 /* ParsingCSV.swift */; };
		931510EC280D52B000B59FC5 /* SearchAreaCell.swift in Sources */ = {isa = PBXBuildFile; fileRef = 931510EA280D52B000B59FC5 /* SearchAreaCell.swift */; };
		931510ED280D52B000B59FC5 /* SearchAreaCell.xib in Resources */ = {isa = PBXBuildFile; fileRef = 931510EB280D52B000B59FC5 /* SearchAreaCell.xib */; };
		931510F0280D6C6F00B59FC5 /* CustomTextField.swift in Sources */ = {isa = PBXBuildFile; fileRef = 931510EF280D6C6F00B59FC5 /* CustomTextField.swift */; };
		931A397A27FC00C500D760D4 /* WeatherData.swift in Sources */ = {isa = PBXBuildFile; fileRef = 931A397927FC00C500D760D4 /* WeatherData.swift */; };
		931A397C27FC00D100D760D4 /* WeatherManager.swift in Sources */ = {isa = PBXBuildFile; fileRef = 931A397B27FC00D100D760D4 /* WeatherManager.swift */; };
		931A397E27FC215000D760D4 /* ConvertEngToKor.swift in Sources */ = {isa = PBXBuildFile; fileRef = 931A397D27FC215000D760D4 /* ConvertEngToKor.swift */; };
		931A398027FC395800D760D4 /* WeatherModel.swift in Sources */ = {isa = PBXBuildFile; fileRef = 931A397F27FC395800D760D4 /* WeatherModel.swift */; };
		931A398227FC71F300D760D4 /* SearchModalVC.swift in Sources */ = {isa = PBXBuildFile; fileRef = 931A398127FC71F300D760D4 /* SearchModalVC.swift */; };
		931D312727FA826D00B3C497 /* WeatherVC.swift in Sources */ = {isa = PBXBuildFile; fileRef = 931D312627FA826D00B3C497 /* WeatherVC.swift */; };
		931D312927FA828900B3C497 /* AlarmVC.swift in Sources */ = {isa = PBXBuildFile; fileRef = 931D312827FA828900B3C497 /* AlarmVC.swift */; };
		931D312B27FA829200B3C497 /* SettingsVC.swift in Sources */ = {isa = PBXBuildFile; fileRef = 931D312A27FA829200B3C497 /* SettingsVC.swift */; };
		931D312D27FA836000B3C497 /* Constants.swift in Sources */ = {isa = PBXBuildFile; fileRef = 931D312C27FA836000B3C497 /* Constants.swift */; };
		931D312F27FA870700B3C497 /* GADBaseVC.swift in Sources */ = {isa = PBXBuildFile; fileRef = 931D312E27FA870700B3C497 /* GADBaseVC.swift */; };
		935C7F8E2816D2120012DE5B /* SplashVC.swift in Sources */ = {isa = PBXBuildFile; fileRef = 935C7F8D2816D2120012DE5B /* SplashVC.swift */; };
		93B92529281152BB00EDC434 /* ForRealm.swift in Sources */ = {isa = PBXBuildFile; fileRef = 93B92528281152BB00EDC434 /* ForRealm.swift */; };
		93E37C5628195C3700220149 /* ConvertDateFormat.swift in Sources */ = {isa = PBXBuildFile; fileRef = 93E37C5528195C3700220149 /* ConvertDateFormat.swift */; };
		93FE03AC27F70C1200D6E0C2 /* AppDelegate.swift in Sources */ = {isa = PBXBuildFile; fileRef = 93FE03AB27F70C1200D6E0C2 /* AppDelegate.swift */; };
		93FE03AE27F70C1200D6E0C2 /* SceneDelegate.swift in Sources */ = {isa = PBXBuildFile; fileRef = 93FE03AD27F70C1200D6E0C2 /* SceneDelegate.swift */; };
		93FE03B027F70C1200D6E0C2 /* HomeVC.swift in Sources */ = {isa = PBXBuildFile; fileRef = 93FE03AF27F70C1200D6E0C2 /* HomeVC.swift */; };
		93FE03B327F70C1200D6E0C2 /* Main.storyboard in Resources */ = {isa = PBXBuildFile; fileRef = 93FE03B127F70C1200D6E0C2 /* Main.storyboard */; };
		93FE03B527F70C1300D6E0C2 /* Assets.xcassets in Resources */ = {isa = PBXBuildFile; fileRef = 93FE03B427F70C1300D6E0C2 /* Assets.xcassets */; };
		93FE03B827F70C1300D6E0C2 /* LaunchScreen.storyboard in Resources */ = {isa = PBXBuildFile; fileRef = 93FE03B627F70C1300D6E0C2 /* LaunchScreen.storyboard */; };
		D047771F2806F8AD00D158C2 /* AlarmCell2.swift in Sources */ = {isa = PBXBuildFile; fileRef = D047771D2806F8AD00D158C2 /* AlarmCell2.swift */; };
		D04777202806F8AD00D158C2 /* AlarmCell2.xib in Resources */ = {isa = PBXBuildFile; fileRef = D047771E2806F8AD00D158C2 /* AlarmCell2.xib */; };
		D09D12E22812D31A00495432 /* Realm.framework in Frameworks */ = {isa = PBXBuildFile; fileRef = D09D12DF2812D31A00495432 /* Realm.framework */; };
		D09D12E42812D31A00495432 /* realm-monorepo.xcframework in Frameworks */ = {isa = PBXBuildFile; fileRef = D09D12E02812D31A00495432 /* realm-monorepo.xcframework */; };
		D09D12E62812D31A00495432 /* RealmSwift.framework in Frameworks */ = {isa = PBXBuildFile; fileRef = D09D12E12812D31A00495432 /* RealmSwift.framework */; };
		D0AA1B8D280057C0005A0C7C /* AlarmCell.swift in Sources */ = {isa = PBXBuildFile; fileRef = D0AA1B8B280057C0005A0C7C /* AlarmCell.swift */; };
		D0AA1B8E280057C0005A0C7C /* AlarmCell.xib in Resources */ = {isa = PBXBuildFile; fileRef = D0AA1B8C280057C0005A0C7C /* AlarmCell.xib */; };
		D0D1D82427FF35B200EF4EE3 /* AlarmModel.swift in Sources */ = {isa = PBXBuildFile; fileRef = D0D1D82327FF35B200EF4EE3 /* AlarmModel.swift */; };
		D0D1D82627FF367D00EF4EE3 /* AlarmBrain.swift in Sources */ = {isa = PBXBuildFile; fileRef = D0D1D82527FF367D00EF4EE3 /* AlarmBrain.swift */; };
		E184B82B0CEAF33774C79D1C /* Pods_Weather.framework in Frameworks */ = {isa = PBXBuildFile; fileRef = BD93BB37FAC3FF440CD808B0 /* Pods_Weather.framework */; };
/* End PBXBuildFile section */

/* Begin PBXFileReference section */
		111E3C8A9110ADC193F32BC8 /* Pods-Weather.release.xcconfig */ = {isa = PBXFileReference; includeInIndex = 1; lastKnownFileType = text.xcconfig; name = "Pods-Weather.release.xcconfig"; path = "Target Support Files/Pods-Weather/Pods-Weather.release.xcconfig"; sourceTree = "<group>"; };
		6C37520E27FB183F00429241 /* WeatherDetailCell.swift */ = {isa = PBXFileReference; lastKnownFileType = sourcecode.swift; path = WeatherDetailCell.swift; sourceTree = "<group>"; };
		6C37520F27FB183F00429241 /* WeatherDetailCell.xib */ = {isa = PBXFileReference; lastKnownFileType = file.xib; path = WeatherDetailCell.xib; sourceTree = "<group>"; };
		93037B132819326400A7E2EB /* AirPolutionModel.swift */ = {isa = PBXFileReference; lastKnownFileType = sourcecode.swift; path = AirPolutionModel.swift; sourceTree = "<group>"; };
		93100A4D28031AE400435534 /* EditAlarmVC.swift */ = {isa = PBXFileReference; lastKnownFileType = sourcecode.swift; path = EditAlarmVC.swift; sourceTree = "<group>"; };
		931443E927FEB14F00E33442 /* korea.csv */ = {isa = PBXFileReference; fileEncoding = 4; lastKnownFileType = text; path = korea.csv; sourceTree = "<group>"; };
		931443EB27FEB23F00E33442 /* korea_local_goverment.csv */ = {isa = PBXFileReference; fileEncoding = 4; lastKnownFileType = text; path = korea_local_goverment.csv; sourceTree = "<group>"; };
		931443ED27FEB32100E33442 /* ParsingCSV.swift */ = {isa = PBXFileReference; lastKnownFileType = sourcecode.swift; path = ParsingCSV.swift; sourceTree = "<group>"; };
		931510EA280D52B000B59FC5 /* SearchAreaCell.swift */ = {isa = PBXFileReference; lastKnownFileType = sourcecode.swift; path = SearchAreaCell.swift; sourceTree = "<group>"; };
		931510EB280D52B000B59FC5 /* SearchAreaCell.xib */ = {isa = PBXFileReference; lastKnownFileType = file.xib; path = SearchAreaCell.xib; sourceTree = "<group>"; };
		931510EF280D6C6F00B59FC5 /* CustomTextField.swift */ = {isa = PBXFileReference; lastKnownFileType = sourcecode.swift; path = CustomTextField.swift; sourceTree = "<group>"; };
		931A397927FC00C500D760D4 /* WeatherData.swift */ = {isa = PBXFileReference; lastKnownFileType = sourcecode.swift; path = WeatherData.swift; sourceTree = "<group>"; };
		931A397B27FC00D100D760D4 /* WeatherManager.swift */ = {isa = PBXFileReference; lastKnownFileType = sourcecode.swift; path = WeatherManager.swift; sourceTree = "<group>"; };
		931A397D27FC215000D760D4 /* ConvertEngToKor.swift */ = {isa = PBXFileReference; lastKnownFileType = sourcecode.swift; path = ConvertEngToKor.swift; sourceTree = "<group>"; };
		931A397F27FC395800D760D4 /* WeatherModel.swift */ = {isa = PBXFileReference; lastKnownFileType = sourcecode.swift; path = WeatherModel.swift; sourceTree = "<group>"; };
		931A398127FC71F300D760D4 /* SearchModalVC.swift */ = {isa = PBXFileReference; lastKnownFileType = sourcecode.swift; path = SearchModalVC.swift; sourceTree = "<group>"; };
		931D312627FA826D00B3C497 /* WeatherVC.swift */ = {isa = PBXFileReference; lastKnownFileType = sourcecode.swift; path = WeatherVC.swift; sourceTree = "<group>"; };
		931D312827FA828900B3C497 /* AlarmVC.swift */ = {isa = PBXFileReference; lastKnownFileType = sourcecode.swift; path = AlarmVC.swift; sourceTree = "<group>"; };
		931D312A27FA829200B3C497 /* SettingsVC.swift */ = {isa = PBXFileReference; lastKnownFileType = sourcecode.swift; path = SettingsVC.swift; sourceTree = "<group>"; };
		931D312C27FA836000B3C497 /* Constants.swift */ = {isa = PBXFileReference; lastKnownFileType = sourcecode.swift; path = Constants.swift; sourceTree = "<group>"; };
		931D312E27FA870700B3C497 /* GADBaseVC.swift */ = {isa = PBXFileReference; lastKnownFileType = sourcecode.swift; path = GADBaseVC.swift; sourceTree = "<group>"; };
		935C7F8D2816D2120012DE5B /* SplashVC.swift */ = {isa = PBXFileReference; lastKnownFileType = sourcecode.swift; path = SplashVC.swift; sourceTree = "<group>"; };
		93B92528281152BB00EDC434 /* ForRealm.swift */ = {isa = PBXFileReference; lastKnownFileType = sourcecode.swift; path = ForRealm.swift; sourceTree = "<group>"; };
		93E37C5528195C3700220149 /* ConvertDateFormat.swift */ = {isa = PBXFileReference; lastKnownFileType = sourcecode.swift; path = ConvertDateFormat.swift; sourceTree = "<group>"; };
		93FE03A827F70C1200D6E0C2 /* Weather.app */ = {isa = PBXFileReference; explicitFileType = wrapper.application; includeInIndex = 0; path = Weather.app; sourceTree = BUILT_PRODUCTS_DIR; };
		93FE03AB27F70C1200D6E0C2 /* AppDelegate.swift */ = {isa = PBXFileReference; lastKnownFileType = sourcecode.swift; path = AppDelegate.swift; sourceTree = "<group>"; };
		93FE03AD27F70C1200D6E0C2 /* SceneDelegate.swift */ = {isa = PBXFileReference; lastKnownFileType = sourcecode.swift; path = SceneDelegate.swift; sourceTree = "<group>"; };
		93FE03AF27F70C1200D6E0C2 /* HomeVC.swift */ = {isa = PBXFileReference; lastKnownFileType = sourcecode.swift; path = HomeVC.swift; sourceTree = "<group>"; };
		93FE03B227F70C1200D6E0C2 /* Base */ = {isa = PBXFileReference; lastKnownFileType = file.storyboard; name = Base; path = Base.lproj/Main.storyboard; sourceTree = "<group>"; };
		93FE03B427F70C1300D6E0C2 /* Assets.xcassets */ = {isa = PBXFileReference; lastKnownFileType = folder.assetcatalog; path = Assets.xcassets; sourceTree = "<group>"; };
		93FE03B727F70C1300D6E0C2 /* Base */ = {isa = PBXFileReference; lastKnownFileType = file.storyboard; name = Base; path = Base.lproj/LaunchScreen.storyboard; sourceTree = "<group>"; };
		93FE03B927F70C1300D6E0C2 /* Info.plist */ = {isa = PBXFileReference; lastKnownFileType = text.plist.xml; path = Info.plist; sourceTree = "<group>"; };
		B7C490E58B823ECC16FFB4D7 /* Pods-Weather.debug.xcconfig */ = {isa = PBXFileReference; includeInIndex = 1; lastKnownFileType = text.xcconfig; name = "Pods-Weather.debug.xcconfig"; path = "Target Support Files/Pods-Weather/Pods-Weather.debug.xcconfig"; sourceTree = "<group>"; };
		BD93BB37FAC3FF440CD808B0 /* Pods_Weather.framework */ = {isa = PBXFileReference; explicitFileType = wrapper.framework; includeInIndex = 0; path = Pods_Weather.framework; sourceTree = BUILT_PRODUCTS_DIR; };
		D047771D2806F8AD00D158C2 /* AlarmCell2.swift */ = {isa = PBXFileReference; lastKnownFileType = sourcecode.swift; path = AlarmCell2.swift; sourceTree = "<group>"; };
		D047771E2806F8AD00D158C2 /* AlarmCell2.xib */ = {isa = PBXFileReference; lastKnownFileType = file.xib; path = AlarmCell2.xib; sourceTree = "<group>"; };
		D09D12DF2812D31A00495432 /* Realm.framework */ = {isa = PBXFileReference; explicitFileType = wrapper.framework; path = Realm.framework; sourceTree = BUILT_PRODUCTS_DIR; };
		D09D12E02812D31A00495432 /* realm-monorepo.xcframework */ = {isa = PBXFileReference; lastKnownFileType = wrapper.xcframework; name = "realm-monorepo.xcframework"; path = "Pods/Realm/core/realm-monorepo.xcframework"; sourceTree = "<group>"; };
		D09D12E12812D31A00495432 /* RealmSwift.framework */ = {isa = PBXFileReference; explicitFileType = wrapper.framework; path = RealmSwift.framework; sourceTree = BUILT_PRODUCTS_DIR; };
		D0AA1B8B280057C0005A0C7C /* AlarmCell.swift */ = {isa = PBXFileReference; lastKnownFileType = sourcecode.swift; path = AlarmCell.swift; sourceTree = "<group>"; };
		D0AA1B8C280057C0005A0C7C /* AlarmCell.xib */ = {isa = PBXFileReference; lastKnownFileType = file.xib; path = AlarmCell.xib; sourceTree = "<group>"; };
		D0D1D82327FF35B200EF4EE3 /* AlarmModel.swift */ = {isa = PBXFileReference; lastKnownFileType = sourcecode.swift; path = AlarmModel.swift; sourceTree = "<group>"; };
		D0D1D82527FF367D00EF4EE3 /* AlarmBrain.swift */ = {isa = PBXFileReference; lastKnownFileType = sourcecode.swift; path = AlarmBrain.swift; sourceTree = "<group>"; };
/* End PBXFileReference section */

/* Begin PBXFrameworksBuildPhase section */
		93FE03A527F70C1200D6E0C2 /* Frameworks */ = {
			isa = PBXFrameworksBuildPhase;
			buildActionMask = 2147483647;
			files = (
				D09D12E42812D31A00495432 /* realm-monorepo.xcframework in Frameworks */,
				D09D12E22812D31A00495432 /* Realm.framework in Frameworks */,
				D09D12E62812D31A00495432 /* RealmSwift.framework in Frameworks */,
				E184B82B0CEAF33774C79D1C /* Pods_Weather.framework in Frameworks */,
			);
			runOnlyForDeploymentPostprocessing = 0;
		};
/* End PBXFrameworksBuildPhase section */

/* Begin PBXGroup section */
		52D8927820E516A845A1440B /* Frameworks */ = {
			isa = PBXGroup;
			children = (
				D09D12DF2812D31A00495432 /* Realm.framework */,
				D09D12E02812D31A00495432 /* realm-monorepo.xcframework */,
				D09D12E12812D31A00495432 /* RealmSwift.framework */,
				BD93BB37FAC3FF440CD808B0 /* Pods_Weather.framework */,
			);
			name = Frameworks;
			sourceTree = "<group>";
		};
		53C34D7D8DF26AC564E14386 /* Pods */ = {
			isa = PBXGroup;
			children = (
				B7C490E58B823ECC16FFB4D7 /* Pods-Weather.debug.xcconfig */,
				111E3C8A9110ADC193F32BC8 /* Pods-Weather.release.xcconfig */,
			);
			path = Pods;
			sourceTree = "<group>";
		};
		931510EE280D6C5200B59FC5 /* Utils */ = {
			isa = PBXGroup;
			children = (
				931510EF280D6C6F00B59FC5 /* CustomTextField.swift */,
				93E37C5528195C3700220149 /* ConvertDateFormat.swift */,
			);
			path = Utils;
			sourceTree = "<group>";
		};
		93FE039F27F70C1200D6E0C2 = {
			isa = PBXGroup;
			children = (
				93FE03AA27F70C1200D6E0C2 /* Weather */,
				93FE03A927F70C1200D6E0C2 /* Products */,
				53C34D7D8DF26AC564E14386 /* Pods */,
				52D8927820E516A845A1440B /* Frameworks */,
			);
			sourceTree = "<group>";
		};
		93FE03A927F70C1200D6E0C2 /* Products */ = {
			isa = PBXGroup;
			children = (
				93FE03A827F70C1200D6E0C2 /* Weather.app */,
			);
			name = Products;
			sourceTree = "<group>";
		};
		93FE03AA27F70C1200D6E0C2 /* Weather */ = {
			isa = PBXGroup;
			children = (
				93FE03C027F70C2600D6E0C2 /* Model */,
				93FE03BF27F70C1B00D6E0C2 /* View */,
				93FE03C127F70C2B00D6E0C2 /* Controller */,
				931510EE280D6C5200B59FC5 /* Utils */,
				931D312C27FA836000B3C497 /* Constants.swift */,
				931D312E27FA870700B3C497 /* GADBaseVC.swift */,
				931A397D27FC215000D760D4 /* ConvertEngToKor.swift */,
				93FE03AB27F70C1200D6E0C2 /* AppDelegate.swift */,
				93FE03AD27F70C1200D6E0C2 /* SceneDelegate.swift */,
				931443E927FEB14F00E33442 /* korea.csv */,
				931443EB27FEB23F00E33442 /* korea_local_goverment.csv */,
				93FE03B427F70C1300D6E0C2 /* Assets.xcassets */,
				93FE03B927F70C1300D6E0C2 /* Info.plist */,
			);
			path = Weather;
			sourceTree = "<group>";
		};
		93FE03BF27F70C1B00D6E0C2 /* View */ = {
			isa = PBXGroup;
			children = (
				93FE03B627F70C1300D6E0C2 /* LaunchScreen.storyboard */,
				93FE03B127F70C1200D6E0C2 /* Main.storyboard */,
				6C37520E27FB183F00429241 /* WeatherDetailCell.swift */,
				6C37520F27FB183F00429241 /* WeatherDetailCell.xib */,
				D0AA1B8B280057C0005A0C7C /* AlarmCell.swift */,
				D0AA1B8C280057C0005A0C7C /* AlarmCell.xib */,
				D047771D2806F8AD00D158C2 /* AlarmCell2.swift */,
				D047771E2806F8AD00D158C2 /* AlarmCell2.xib */,
				931510EA280D52B000B59FC5 /* SearchAreaCell.swift */,
				931510EB280D52B000B59FC5 /* SearchAreaCell.xib */,
			);
			path = View;
			sourceTree = "<group>";
		};
		93FE03C027F70C2600D6E0C2 /* Model */ = {
			isa = PBXGroup;
			children = (
				931A397927FC00C500D760D4 /* WeatherData.swift */,
				931A397B27FC00D100D760D4 /* WeatherManager.swift */,
				931A397F27FC395800D760D4 /* WeatherModel.swift */,
				93037B132819326400A7E2EB /* AirPolutionModel.swift */,
				931443ED27FEB32100E33442 /* ParsingCSV.swift */,
				D0D1D82327FF35B200EF4EE3 /* AlarmModel.swift */,
				D0D1D82527FF367D00EF4EE3 /* AlarmBrain.swift */,
				93B92528281152BB00EDC434 /* ForRealm.swift */,
			);
			path = Model;
			sourceTree = "<group>";
		};
		93FE03C127F70C2B00D6E0C2 /* Controller */ = {
			isa = PBXGroup;
			children = (
				935C7F8D2816D2120012DE5B /* SplashVC.swift */,
				93FE03AF27F70C1200D6E0C2 /* HomeVC.swift */,
				931D312627FA826D00B3C497 /* WeatherVC.swift */,
				931D312827FA828900B3C497 /* AlarmVC.swift */,
				931D312A27FA829200B3C497 /* SettingsVC.swift */,
				931A398127FC71F300D760D4 /* SearchModalVC.swift */,
				93100A4D28031AE400435534 /* EditAlarmVC.swift */,
			);
			path = Controller;
			sourceTree = "<group>";
		};
/* End PBXGroup section */

/* Begin PBXNativeTarget section */
		93FE03A727F70C1200D6E0C2 /* Weather */ = {
			isa = PBXNativeTarget;
			buildConfigurationList = 93FE03BC27F70C1300D6E0C2 /* Build configuration list for PBXNativeTarget "Weather" */;
			buildPhases = (
				7A30CFE4E3EA285E9FB9B8D7 /* [CP] Check Pods Manifest.lock */,
				93FE03A427F70C1200D6E0C2 /* Sources */,
				93FE03A527F70C1200D6E0C2 /* Frameworks */,
				93FE03A627F70C1200D6E0C2 /* Resources */,
				55C7577F8A8CB5FBFDABE871 /* [CP] Embed Pods Frameworks */,
			);
			buildRules = (
			);
			dependencies = (
			);
			name = Weather;
			productName = Weather;
			productReference = 93FE03A827F70C1200D6E0C2 /* Weather.app */;
			productType = "com.apple.product-type.application";
		};
/* End PBXNativeTarget section */

/* Begin PBXProject section */
		93FE03A027F70C1200D6E0C2 /* Project object */ = {
			isa = PBXProject;
			attributes = {
				BuildIndependentTargetsInParallel = 1;
				LastSwiftUpdateCheck = 1320;
				LastUpgradeCheck = 1320;
				TargetAttributes = {
					93FE03A727F70C1200D6E0C2 = {
						CreatedOnToolsVersion = 13.2.1;
					};
				};
			};
			buildConfigurationList = 93FE03A327F70C1200D6E0C2 /* Build configuration list for PBXProject "Weather" */;
			compatibilityVersion = "Xcode 13.0";
			developmentRegion = en;
			hasScannedForEncodings = 0;
			knownRegions = (
				en,
				Base,
			);
			mainGroup = 93FE039F27F70C1200D6E0C2;
			productRefGroup = 93FE03A927F70C1200D6E0C2 /* Products */;
			projectDirPath = "";
			projectRoot = "";
			targets = (
				93FE03A727F70C1200D6E0C2 /* Weather */,
			);
		};
/* End PBXProject section */

/* Begin PBXResourcesBuildPhase section */
		93FE03A627F70C1200D6E0C2 /* Resources */ = {
			isa = PBXResourcesBuildPhase;
			buildActionMask = 2147483647;
			files = (
				931510ED280D52B000B59FC5 /* SearchAreaCell.xib in Resources */,
				931443EA27FEB14F00E33442 /* korea.csv in Resources */,
				931443EC27FEB23F00E33442 /* korea_local_goverment.csv in Resources */,
				93FE03B827F70C1300D6E0C2 /* LaunchScreen.storyboard in Resources */,
				6C37521127FB183F00429241 /* WeatherDetailCell.xib in Resources */,
				93FE03B527F70C1300D6E0C2 /* Assets.xcassets in Resources */,
				D0AA1B8E280057C0005A0C7C /* AlarmCell.xib in Resources */,
				D04777202806F8AD00D158C2 /* AlarmCell2.xib in Resources */,
				93FE03B327F70C1200D6E0C2 /* Main.storyboard in Resources */,
			);
			runOnlyForDeploymentPostprocessing = 0;
		};
/* End PBXResourcesBuildPhase section */

/* Begin PBXShellScriptBuildPhase section */
		55C7577F8A8CB5FBFDABE871 /* [CP] Embed Pods Frameworks */ = {
			isa = PBXShellScriptBuildPhase;
			buildActionMask = 2147483647;
			files = (
			);
			inputFileListPaths = (
				"${PODS_ROOT}/Target Support Files/Pods-Weather/Pods-Weather-frameworks-${CONFIGURATION}-input-files.xcfilelist",
			);
			name = "[CP] Embed Pods Frameworks";
			outputFileListPaths = (
				"${PODS_ROOT}/Target Support Files/Pods-Weather/Pods-Weather-frameworks-${CONFIGURATION}-output-files.xcfilelist",
			);
			runOnlyForDeploymentPostprocessing = 0;
			shellPath = /bin/sh;
			shellScript = "\"${PODS_ROOT}/Target Support Files/Pods-Weather/Pods-Weather-frameworks.sh\"\n";
			showEnvVarsInLog = 0;
		};
		7A30CFE4E3EA285E9FB9B8D7 /* [CP] Check Pods Manifest.lock */ = {
			isa = PBXShellScriptBuildPhase;
			buildActionMask = 2147483647;
			files = (
			);
			inputFileListPaths = (
			);
			inputPaths = (
				"${PODS_PODFILE_DIR_PATH}/Podfile.lock",
				"${PODS_ROOT}/Manifest.lock",
			);
			name = "[CP] Check Pods Manifest.lock";
			outputFileListPaths = (
			);
			outputPaths = (
				"$(DERIVED_FILE_DIR)/Pods-Weather-checkManifestLockResult.txt",
			);
			runOnlyForDeploymentPostprocessing = 0;
			shellPath = /bin/sh;
			shellScript = "diff \"${PODS_PODFILE_DIR_PATH}/Podfile.lock\" \"${PODS_ROOT}/Manifest.lock\" > /dev/null\nif [ $? != 0 ] ; then\n    # print error to STDERR\n    echo \"error: The sandbox is not in sync with the Podfile.lock. Run 'pod install' or update your CocoaPods installation.\" >&2\n    exit 1\nfi\n# This output is used by Xcode 'outputs' to avoid re-running this script phase.\necho \"SUCCESS\" > \"${SCRIPT_OUTPUT_FILE_0}\"\n";
			showEnvVarsInLog = 0;
		};
/* End PBXShellScriptBuildPhase section */

/* Begin PBXSourcesBuildPhase section */
		93FE03A427F70C1200D6E0C2 /* Sources */ = {
			isa = PBXSourcesBuildPhase;
			buildActionMask = 2147483647;
			files = (
				6C37521027FB183F00429241 /* WeatherDetailCell.swift in Sources */,
				93B92529281152BB00EDC434 /* ForRealm.swift in Sources */,
				93E37C5628195C3700220149 /* ConvertDateFormat.swift in Sources */,
				93FE03B027F70C1200D6E0C2 /* HomeVC.swift in Sources */,
				93FE03AC27F70C1200D6E0C2 /* AppDelegate.swift in Sources */,
				93037B142819326400A7E2EB /* AirPolutionModel.swift in Sources */,
				93FE03AE27F70C1200D6E0C2 /* SceneDelegate.swift in Sources */,
				931510F0280D6C6F00B59FC5 /* CustomTextField.swift in Sources */,
				935C7F8E2816D2120012DE5B /* SplashVC.swift in Sources */,
				931A398027FC395800D760D4 /* WeatherModel.swift in Sources */,
				D0AA1B8D280057C0005A0C7C /* AlarmCell.swift in Sources */,
				931443EE27FEB32100E33442 /* ParsingCSV.swift in Sources */,
				93100A4E28031AE400435534 /* EditAlarmVC.swift in Sources */,
				931D312F27FA870700B3C497 /* GADBaseVC.swift in Sources */,
				931D312927FA828900B3C497 /* AlarmVC.swift in Sources */,
				D0D1D82627FF367D00EF4EE3 /* AlarmBrain.swift in Sources */,
				931510EC280D52B000B59FC5 /* SearchAreaCell.swift in Sources */,
				931A397E27FC215000D760D4 /* ConvertEngToKor.swift in Sources */,
				D0D1D82427FF35B200EF4EE3 /* AlarmModel.swift in Sources */,
				931D312D27FA836000B3C497 /* Constants.swift in Sources */,
				931A398227FC71F300D760D4 /* SearchModalVC.swift in Sources */,
				D047771F2806F8AD00D158C2 /* AlarmCell2.swift in Sources */,
				931A397A27FC00C500D760D4 /* WeatherData.swift in Sources */,
				931A397C27FC00D100D760D4 /* WeatherManager.swift in Sources */,
				931D312727FA826D00B3C497 /* WeatherVC.swift in Sources */,
				931D312B27FA829200B3C497 /* SettingsVC.swift in Sources */,
			);
			runOnlyForDeploymentPostprocessing = 0;
		};
/* End PBXSourcesBuildPhase section */

/* Begin PBXVariantGroup section */
		93FE03B127F70C1200D6E0C2 /* Main.storyboard */ = {
			isa = PBXVariantGroup;
			children = (
				93FE03B227F70C1200D6E0C2 /* Base */,
			);
			name = Main.storyboard;
			sourceTree = "<group>";
		};
		93FE03B627F70C1300D6E0C2 /* LaunchScreen.storyboard */ = {
			isa = PBXVariantGroup;
			children = (
				93FE03B727F70C1300D6E0C2 /* Base */,
			);
			name = LaunchScreen.storyboard;
			sourceTree = "<group>";
		};
/* End PBXVariantGroup section */

/* Begin XCBuildConfiguration section */
		93FE03BA27F70C1300D6E0C2 /* Debug */ = {
			isa = XCBuildConfiguration;
			buildSettings = {
				ALWAYS_SEARCH_USER_PATHS = NO;
				CLANG_ANALYZER_NONNULL = YES;
				CLANG_ANALYZER_NUMBER_OBJECT_CONVERSION = YES_AGGRESSIVE;
				CLANG_CXX_LANGUAGE_STANDARD = "gnu++17";
				CLANG_CXX_LIBRARY = "libc++";
				CLANG_ENABLE_MODULES = YES;
				CLANG_ENABLE_OBJC_ARC = YES;
				CLANG_ENABLE_OBJC_WEAK = YES;
				CLANG_WARN_BLOCK_CAPTURE_AUTORELEASING = YES;
				CLANG_WARN_BOOL_CONVERSION = YES;
				CLANG_WARN_COMMA = YES;
				CLANG_WARN_CONSTANT_CONVERSION = YES;
				CLANG_WARN_DEPRECATED_OBJC_IMPLEMENTATIONS = YES;
				CLANG_WARN_DIRECT_OBJC_ISA_USAGE = YES_ERROR;
				CLANG_WARN_DOCUMENTATION_COMMENTS = YES;
				CLANG_WARN_EMPTY_BODY = YES;
				CLANG_WARN_ENUM_CONVERSION = YES;
				CLANG_WARN_INFINITE_RECURSION = YES;
				CLANG_WARN_INT_CONVERSION = YES;
				CLANG_WARN_NON_LITERAL_NULL_CONVERSION = YES;
				CLANG_WARN_OBJC_IMPLICIT_RETAIN_SELF = YES;
				CLANG_WARN_OBJC_LITERAL_CONVERSION = YES;
				CLANG_WARN_OBJC_ROOT_CLASS = YES_ERROR;
				CLANG_WARN_QUOTED_INCLUDE_IN_FRAMEWORK_HEADER = YES;
				CLANG_WARN_RANGE_LOOP_ANALYSIS = YES;
				CLANG_WARN_STRICT_PROTOTYPES = YES;
				CLANG_WARN_SUSPICIOUS_MOVE = YES;
				CLANG_WARN_UNGUARDED_AVAILABILITY = YES_AGGRESSIVE;
				CLANG_WARN_UNREACHABLE_CODE = YES;
				CLANG_WARN__DUPLICATE_METHOD_MATCH = YES;
				COPY_PHASE_STRIP = NO;
				DEBUG_INFORMATION_FORMAT = dwarf;
				ENABLE_STRICT_OBJC_MSGSEND = YES;
				ENABLE_TESTABILITY = YES;
				GCC_C_LANGUAGE_STANDARD = gnu11;
				GCC_DYNAMIC_NO_PIC = NO;
				GCC_NO_COMMON_BLOCKS = YES;
				GCC_OPTIMIZATION_LEVEL = 0;
				GCC_PREPROCESSOR_DEFINITIONS = (
					"DEBUG=1",
					"$(inherited)",
				);
				GCC_WARN_64_TO_32_BIT_CONVERSION = YES;
				GCC_WARN_ABOUT_RETURN_TYPE = YES_ERROR;
				GCC_WARN_UNDECLARED_SELECTOR = YES;
				GCC_WARN_UNINITIALIZED_AUTOS = YES_AGGRESSIVE;
				GCC_WARN_UNUSED_FUNCTION = YES;
				GCC_WARN_UNUSED_VARIABLE = YES;
				IPHONEOS_DEPLOYMENT_TARGET = 15.2;
				MTL_ENABLE_DEBUG_INFO = INCLUDE_SOURCE;
				MTL_FAST_MATH = YES;
				ONLY_ACTIVE_ARCH = YES;
				SDKROOT = iphoneos;
				SWIFT_ACTIVE_COMPILATION_CONDITIONS = DEBUG;
				SWIFT_OPTIMIZATION_LEVEL = "-Onone";
			};
			name = Debug;
		};
		93FE03BB27F70C1300D6E0C2 /* Release */ = {
			isa = XCBuildConfiguration;
			buildSettings = {
				ALWAYS_SEARCH_USER_PATHS = NO;
				CLANG_ANALYZER_NONNULL = YES;
				CLANG_ANALYZER_NUMBER_OBJECT_CONVERSION = YES_AGGRESSIVE;
				CLANG_CXX_LANGUAGE_STANDARD = "gnu++17";
				CLANG_CXX_LIBRARY = "libc++";
				CLANG_ENABLE_MODULES = YES;
				CLANG_ENABLE_OBJC_ARC = YES;
				CLANG_ENABLE_OBJC_WEAK = YES;
				CLANG_WARN_BLOCK_CAPTURE_AUTORELEASING = YES;
				CLANG_WARN_BOOL_CONVERSION = YES;
				CLANG_WARN_COMMA = YES;
				CLANG_WARN_CONSTANT_CONVERSION = YES;
				CLANG_WARN_DEPRECATED_OBJC_IMPLEMENTATIONS = YES;
				CLANG_WARN_DIRECT_OBJC_ISA_USAGE = YES_ERROR;
				CLANG_WARN_DOCUMENTATION_COMMENTS = YES;
				CLANG_WARN_EMPTY_BODY = YES;
				CLANG_WARN_ENUM_CONVERSION = YES;
				CLANG_WARN_INFINITE_RECURSION = YES;
				CLANG_WARN_INT_CONVERSION = YES;
				CLANG_WARN_NON_LITERAL_NULL_CONVERSION = YES;
				CLANG_WARN_OBJC_IMPLICIT_RETAIN_SELF = YES;
				CLANG_WARN_OBJC_LITERAL_CONVERSION = YES;
				CLANG_WARN_OBJC_ROOT_CLASS = YES_ERROR;
				CLANG_WARN_QUOTED_INCLUDE_IN_FRAMEWORK_HEADER = YES;
				CLANG_WARN_RANGE_LOOP_ANALYSIS = YES;
				CLANG_WARN_STRICT_PROTOTYPES = YES;
				CLANG_WARN_SUSPICIOUS_MOVE = YES;
				CLANG_WARN_UNGUARDED_AVAILABILITY = YES_AGGRESSIVE;
				CLANG_WARN_UNREACHABLE_CODE = YES;
				CLANG_WARN__DUPLICATE_METHOD_MATCH = YES;
				COPY_PHASE_STRIP = NO;
				DEBUG_INFORMATION_FORMAT = "dwarf-with-dsym";
				ENABLE_NS_ASSERTIONS = NO;
				ENABLE_STRICT_OBJC_MSGSEND = YES;
				GCC_C_LANGUAGE_STANDARD = gnu11;
				GCC_NO_COMMON_BLOCKS = YES;
				GCC_WARN_64_TO_32_BIT_CONVERSION = YES;
				GCC_WARN_ABOUT_RETURN_TYPE = YES_ERROR;
				GCC_WARN_UNDECLARED_SELECTOR = YES;
				GCC_WARN_UNINITIALIZED_AUTOS = YES_AGGRESSIVE;
				GCC_WARN_UNUSED_FUNCTION = YES;
				GCC_WARN_UNUSED_VARIABLE = YES;
				IPHONEOS_DEPLOYMENT_TARGET = 15.2;
				MTL_ENABLE_DEBUG_INFO = NO;
				MTL_FAST_MATH = YES;
				SDKROOT = iphoneos;
				SWIFT_COMPILATION_MODE = wholemodule;
				SWIFT_OPTIMIZATION_LEVEL = "-O";
				VALIDATE_PRODUCT = YES;
			};
			name = Release;
		};
		93FE03BD27F70C1300D6E0C2 /* Debug */ = {
			isa = XCBuildConfiguration;
			baseConfigurationReference = B7C490E58B823ECC16FFB4D7 /* Pods-Weather.debug.xcconfig */;
			buildSettings = {
				ASSETCATALOG_COMPILER_APPICON_NAME = AppIcon;
				ASSETCATALOG_COMPILER_GLOBAL_ACCENT_COLOR_NAME = AccentColor;
				CODE_SIGN_STYLE = Automatic;
				CURRENT_PROJECT_VERSION = 1;
				DEVELOPMENT_TEAM = Z7DU6436DS;
				GENERATE_INFOPLIST_FILE = YES;
				INFOPLIST_FILE = Weather/Info.plist;
				INFOPLIST_KEY_CFBundleDisplayName = "딱좋은날";
				INFOPLIST_KEY_NSLocationWhenInUseUsageDescription = "\"Weather\"(이)가 사용자의 위치를 사용하도록 허용하시겠습니까?";
				INFOPLIST_KEY_UIApplicationSupportsIndirectInputEvents = YES;
				INFOPLIST_KEY_UILaunchStoryboardName = Main;
				INFOPLIST_KEY_UIMainStoryboardFile = Main;
				INFOPLIST_KEY_UISupportedInterfaceOrientations_iPad = "UIInterfaceOrientationPortrait UIInterfaceOrientationPortraitUpsideDown UIInterfaceOrientationLandscapeLeft UIInterfaceOrientationLandscapeRight";
				INFOPLIST_KEY_UISupportedInterfaceOrientations_iPhone = "UIInterfaceOrientationPortrait UIInterfaceOrientationLandscapeLeft UIInterfaceOrientationLandscapeRight";
				LD_RUNPATH_SEARCH_PATHS = (
					"$(inherited)",
					"@executable_path/Frameworks",
				);
				MARKETING_VERSION = 1.0;
				PRODUCT_BUNDLE_IDENTIFIER = com.movel.Weather;
				PRODUCT_NAME = "$(TARGET_NAME)";
				SWIFT_EMIT_LOC_STRINGS = YES;
				SWIFT_VERSION = 5.0;
				TARGETED_DEVICE_FAMILY = "1,2";
			};
			name = Debug;
		};
		93FE03BE27F70C1300D6E0C2 /* Release */ = {
			isa = XCBuildConfiguration;
			baseConfigurationReference = 111E3C8A9110ADC193F32BC8 /* Pods-Weather.release.xcconfig */;
			buildSettings = {
				ASSETCATALOG_COMPILER_APPICON_NAME = AppIcon;
				ASSETCATALOG_COMPILER_GLOBAL_ACCENT_COLOR_NAME = AccentColor;
				CODE_SIGN_STYLE = Automatic;
				CURRENT_PROJECT_VERSION = 1;
				DEVELOPMENT_TEAM = Z7DU6436DS;
				GENERATE_INFOPLIST_FILE = YES;
				INFOPLIST_FILE = Weather/Info.plist;
				INFOPLIST_KEY_CFBundleDisplayName = "딱좋은날";
				INFOPLIST_KEY_NSLocationWhenInUseUsageDescription = "\"Weather\"(이)가 사용자의 위치를 사용하도록 허용하시겠습니까?";
				INFOPLIST_KEY_UIApplicationSupportsIndirectInputEvents = YES;
				INFOPLIST_KEY_UILaunchStoryboardName = Main;
				INFOPLIST_KEY_UIMainStoryboardFile = Main;
				INFOPLIST_KEY_UISupportedInterfaceOrientations_iPad = "UIInterfaceOrientationPortrait UIInterfaceOrientationPortraitUpsideDown UIInterfaceOrientationLandscapeLeft UIInterfaceOrientationLandscapeRight";
				INFOPLIST_KEY_UISupportedInterfaceOrientations_iPhone = "UIInterfaceOrientationPortrait UIInterfaceOrientationLandscapeLeft UIInterfaceOrientationLandscapeRight";
				LD_RUNPATH_SEARCH_PATHS = (
					"$(inherited)",
					"@executable_path/Frameworks",
				);
				MARKETING_VERSION = 1.0;
				PRODUCT_BUNDLE_IDENTIFIER = com.movel.Weather;
				PRODUCT_NAME = "$(TARGET_NAME)";
				SWIFT_EMIT_LOC_STRINGS = YES;
				SWIFT_VERSION = 5.0;
				TARGETED_DEVICE_FAMILY = "1,2";
			};
			name = Release;
		};
/* End XCBuildConfiguration section */

/* Begin XCConfigurationList section */
		93FE03A327F70C1200D6E0C2 /* Build configuration list for PBXProject "Weather" */ = {
			isa = XCConfigurationList;
			buildConfigurations = (
				93FE03BA27F70C1300D6E0C2 /* Debug */,
				93FE03BB27F70C1300D6E0C2 /* Release */,
			);
			defaultConfigurationIsVisible = 0;
			defaultConfigurationName = Release;
		};
		93FE03BC27F70C1300D6E0C2 /* Build configuration list for PBXNativeTarget "Weather" */ = {
			isa = XCConfigurationList;
			buildConfigurations = (
				93FE03BD27F70C1300D6E0C2 /* Debug */,
				93FE03BE27F70C1300D6E0C2 /* Release */,
			);
			defaultConfigurationIsVisible = 0;
			defaultConfigurationName = Release;
		};
/* End XCConfigurationList section */
	};
	rootObject = 93FE03A027F70C1200D6E0C2 /* Project object */;
}
